# This file is autogenerated, do not edit; changes may be undone by the next 'dep ensure'.


[[projects]]
  name = "github.com/Financial-Times/transactionid-utils-go"
  packages = ["."]
  revision = "df2f00c734957c9dd651ce23ab0e0902504c7636"
  version = "v0.2.0"

[[projects]]
  name = "github.com/Financial-Times/uuid-utils-go"
  packages = ["."]
  revision = "e22658edd0f130936e99079bf844bde7087c914c"
  version = "1.0.1"

[[projects]]
  name = "github.com/Financial-Times/workbalancer"
  packages = ["."]
  revision = "1c97e65a6e37db8a2b463f31115a1bbf88e9ce52"
  version = "1.0.0"

[[projects]]
  name = "github.com/davecgh/go-spew"
  packages = ["spew"]
  revision = "346938d642f2ec3594ed81d874461961cd0faa76"
  version = "v1.1.0"

[[projects]]
  name = "github.com/jawher/mow.cli"
  packages = ["."]
  revision = "a459d5906bb7a9c5eda7c4d02eec7c541120226e"
  version = "v1.0.1"

[[projects]]
  name = "github.com/pmezard/go-difflib"
  packages = ["difflib"]
  revision = "792786c7400a136282c1664665ae0a8db921c6c2"
  version = "v1.0.0"

[[projects]]
  name = "github.com/sirupsen/logrus"
  packages = ["."]
  revision = "f006c2ac4710855cf0f916dd6b77acf6b048dc6e"
  version = "v1.0.3"

[[projects]]
  name = "github.com/stretchr/objx"
  packages = ["."]
  revision = "477a77ecc69700c7cdeb1fa9e129548e1c1c393c"
  version = "v0.1.1"

[[projects]]
  name = "github.com/stretchr/testify"
  packages = [
    "assert",
    "mock"
  ]
  revision = "be8372ae8ec5c6daaed3cc28ebf73c54b737c240"

[[projects]]
  name = "github.com/willf/bitset"
  packages = ["."]
  revision = "1a37ad96e8c1a11b20900a232874843b5174221f"

[[projects]]
  name = "golang.org/x/crypto"
  packages = ["ssh/terminal"]
  revision = "9de5f2eaf759b4c4550b3db39fed2e9e5f86f45c"

[[projects]]
  name = "golang.org/x/net"
  packages = ["context"]
  revision = "f5dfe339be1d06f81b22525fe34671ee7d2c8904"

[[projects]]
  name = "golang.org/x/sys"
  packages = [
    "unix",
    "windows"
  ]
  revision = "37707fdb30a5b38865cfb95e5aab41707daec7fd"

[solve-meta]
  analyzer-name = "dep"
  analyzer-version = 1
  inputs-digest = "9502e61bf163107c7599ae3355e523d654da5326595bf6fd4f7105366b1c3e70"
  solver-name = "gps-cdcl"
  solver-version = 1
